
Microsoft Visual Studio Solution File, Format Version 12.00
# Visual Studio Version 17
VisualStudioVersion = 17.5.002.0
MinimumVisualStudioVersion = 10.0.40219.1
Project("{9A19103F-16F7-4668-BE54-9A1E7A4F7556}") = "boyosgame", "boyosgame.csproj", "{F30EDAA1-EA42-4B08-B7CC-BAB199599F6E}"
EndProject
Global
	GlobalSection(SolutionConfigurationPlatforms) = preSolution
		Debug|Any CPU = Debug|Any CPU
		Release|Any CPU = Release|Any CPU
	EndGlobalSection
	GlobalSection(ProjectConfigurationPlatforms) = postSolution
		{F30EDAA1-EA42-4B08-B7CC-BAB199599F6E}.Debug|Any CPU.ActiveCfg = Debug|Any CPU
		{F30EDAA1-EA42-4B08-B7CC-BAB199599F6E}.Debug|Any CPU.Build.0 = Debug|Any CPU
		{F30EDAA1-EA42-4B08-B7CC-BAB199599F6E}.Release|Any CPU.ActiveCfg = Release|Any CPU
		{F30EDAA1-EA42-4B08-B7CC-BAB199599F6E}.Release|Any CPU.Build.0 = Release|Any CPU
	EndGlobalSection
	GlobalSection(SolutionProperties) = preSolution
		HideSolutionNode = FALSE
	EndGlobalSection
	GlobalSection(ExtensibilityGlobals) = postSolution
		SolutionGuid = {D64D2835-3891-41DF-9410-4CE51360F222}
	EndGlobalSection
EndGlobal
